// !$*UTF8*$!
{
	archiveVersion = 1;
	classes = {
	};
	objectVersion = 50;
	objects = {

/* Begin PBXBuildFile section */
		526684D224CC8060006C37F3 /* AppDelegate.swift in Sources */ = {isa = PBXBuildFile; fileRef = 526684D124CC8060006C37F3 /* AppDelegate.swift */; };
		526684D424CC8061006C37F3 /* SceneDelegate.swift in Sources */ = {isa = PBXBuildFile; fileRef = 526684D324CC8061006C37F3 /* SceneDelegate.swift */; };
		526684D624CC8061006C37F3 /* ViewController.swift in Sources */ = {isa = PBXBuildFile; fileRef = 526684D524CC8061006C37F3 /* ViewController.swift */; };
		526684D924CC8061006C37F3 /* Main.storyboard in Resources */ = {isa = PBXBuildFile; fileRef = 526684D724CC8061006C37F3 /* Main.storyboard */; };
		526684DB24CC806A006C37F3 /* Assets.xcassets in Resources */ = {isa = PBXBuildFile; fileRef = 526684DA24CC806A006C37F3 /* Assets.xcassets */; };
		526684DE24CC806A006C37F3 /* LaunchScreen.storyboard in Resources */ = {isa = PBXBuildFile; fileRef = 526684DC24CC806A006C37F3 /* LaunchScreen.storyboard */; };
		526684E624CC9A23006C37F3 /* Constants.swift in Sources */ = {isa = PBXBuildFile; fileRef = 526684E524CC9A23006C37F3 /* Constants.swift */; };
		526684E824CC9CC3006C37F3 /* Video.swift in Sources */ = {isa = PBXBuildFile; fileRef = 526684E724CC9CC3006C37F3 /* Video.swift */; };
		526684EA24CC9D32006C37F3 /* Model.swift in Sources */ = {isa = PBXBuildFile; fileRef = 526684E924CC9D32006C37F3 /* Model.swift */; };
		526684EC24CD3FA2006C37F3 /* Response.swift in Sources */ = {isa = PBXBuildFile; fileRef = 526684EB24CD3FA1006C37F3 /* Response.swift */; };
/* End PBXBuildFile section */

/* Begin PBXFileReference section */
		526684CE24CC8060006C37F3 /* youtube-app.app */ = {isa = PBXFileReference; explicitFileType = wrapper.application; includeInIndex = 0; path = "youtube-app.app"; sourceTree = BUILT_PRODUCTS_DIR; };
		526684D124CC8060006C37F3 /* AppDelegate.swift */ = {isa = PBXFileReference; lastKnownFileType = sourcecode.swift; path = AppDelegate.swift; sourceTree = "<group>"; };
		526684D324CC8061006C37F3 /* SceneDelegate.swift */ = {isa = PBXFileReference; lastKnownFileType = sourcecode.swift; path = SceneDelegate.swift; sourceTree = "<group>"; };
		526684D524CC8061006C37F3 /* ViewController.swift */ = {isa = PBXFileReference; lastKnownFileType = sourcecode.swift; path = ViewController.swift; sourceTree = "<group>"; };
		526684D824CC8061006C37F3 /* Base */ = {isa = PBXFileReference; lastKnownFileType = file.storyboard; name = Base; path = Base.lproj/Main.storyboard; sourceTree = "<group>"; };
		526684DA24CC806A006C37F3 /* Assets.xcassets */ = {isa = PBXFileReference; lastKnownFileType = folder.assetcatalog; path = Assets.xcassets; sourceTree = "<group>"; };
		526684DD24CC806A006C37F3 /* Base */ = {isa = PBXFileReference; lastKnownFileType = file.storyboard; name = Base; path = Base.lproj/LaunchScreen.storyboard; sourceTree = "<group>"; };
		526684DF24CC806A006C37F3 /* Info.plist */ = {isa = PBXFileReference; lastKnownFileType = text.plist.xml; path = Info.plist; sourceTree = "<group>"; };
		526684E524CC9A23006C37F3 /* Constants.swift */ = {isa = PBXFileReference; lastKnownFileType = sourcecode.swift; path = Constants.swift; sourceTree = "<group>"; };
		526684E724CC9CC3006C37F3 /* Video.swift */ = {isa = PBXFileReference; lastKnownFileType = sourcecode.swift; path = Video.swift; sourceTree = "<group>"; };
		526684E924CC9D32006C37F3 /* Model.swift */ = {isa = PBXFileReference; lastKnownFileType = sourcecode.swift; path = Model.swift; sourceTree = "<group>"; };
		526684EB24CD3FA1006C37F3 /* Response.swift */ = {isa = PBXFileReference; lastKnownFileType = sourcecode.swift; path = Response.swift; sourceTree = "<group>"; };
/* End PBXFileReference section */

/* Begin PBXFrameworksBuildPhase section */
		526684CB24CC8060006C37F3 /* Frameworks */ = {
			isa = PBXFrameworksBuildPhase;
			buildActionMask = 2147483647;
			files = (
			);
			runOnlyForDeploymentPostprocessing = 0;
		};
/* End PBXFrameworksBuildPhase section */

/* Begin PBXGroup section */
		526684C524CC8060006C37F3 = {
			isa = PBXGroup;
			children = (
				526684D024CC8060006C37F3 /* youtube-app */,
				526684CF24CC8060006C37F3 /* Products */,
			);
			sourceTree = "<group>";
		};
		526684CF24CC8060006C37F3 /* Products */ = {
			isa = PBXGroup;
			children = (
				526684CE24CC8060006C37F3 /* youtube-app.app */,
			);
			name = Products;
			sourceTree = "<group>";
		};
		526684D024CC8060006C37F3 /* youtube-app */ = {
			isa = PBXGroup;
			children = (
				526684D124CC8060006C37F3 /* AppDelegate.swift */,
				526684D324CC8061006C37F3 /* SceneDelegate.swift */,
				526684D524CC8061006C37F3 /* ViewController.swift */,
				526684D724CC8061006C37F3 /* Main.storyboard */,
				526684DA24CC806A006C37F3 /* Assets.xcassets */,
				526684DC24CC806A006C37F3 /* LaunchScreen.storyboard */,
				526684DF24CC806A006C37F3 /* Info.plist */,
				526684E524CC9A23006C37F3 /* Constants.swift */,
				526684E724CC9CC3006C37F3 /* Video.swift */,
				526684E924CC9D32006C37F3 /* Model.swift */,
				526684EB24CD3FA1006C37F3 /* Response.swift */,
			);
			path = "youtube-app";
			sourceTree = "<group>";
		};
/* End PBXGroup section */

/* Begin PBXNativeTarget section */
		526684CD24CC8060006C37F3 /* youtube-app */ = {
			isa = PBXNativeTarget;
			buildConfigurationList = 526684E224CC806A006C37F3 /* Build configuration list for PBXNativeTarget "youtube-app" */;
			buildPhases = (
				526684CA24CC8060006C37F3 /* Sources */,
				526684CB24CC8060006C37F3 /* Frameworks */,
				526684CC24CC8060006C37F3 /* Resources */,
			);
			buildRules = (
			);
			dependencies = (
			);
			name = "youtube-app";
			productName = "youtube-app";
			productReference = 526684CE24CC8060006C37F3 /* youtube-app.app */;
			productType = "com.apple.product-type.application";
		};
/* End PBXNativeTarget section */

/* Begin PBXProject section */
		526684C624CC8060006C37F3 /* Project object */ = {
			isa = PBXProject;
			attributes = {
				LastSwiftUpdateCheck = 1160;
				LastUpgradeCheck = 1160;
				ORGANIZATIONNAME = "Uwais Alqadri";
				TargetAttributes = {
					526684CD24CC8060006C37F3 = {
						CreatedOnToolsVersion = 11.6;
					};
				};
			};
			buildConfigurationList = 526684C924CC8060006C37F3 /* Build configuration list for PBXProject "youtube-app" */;
			compatibilityVersion = "Xcode 9.3";
			developmentRegion = en;
			hasScannedForEncodings = 0;
			knownRegions = (
				en,
				Base,
			);
			mainGroup = 526684C524CC8060006C37F3;
			productRefGroup = 526684CF24CC8060006C37F3 /* Products */;
			projectDirPath = "";
			projectRoot = "";
			targets = (
				526684CD24CC8060006C37F3 /* youtube-app */,
			);
		};
/* End PBXProject section */

/* Begin PBXResourcesBuildPhase section */
		526684CC24CC8060006C37F3 /* Resources */ = {
			isa = PBXResourcesBuildPhase;
			buildActionMask = 2147483647;
			files = (
				526684DE24CC806A006C37F3 /* LaunchScreen.storyboard in Resources */,
				526684DB24CC806A006C37F3 /* Assets.xcassets in Resources */,
				526684D924CC8061006C37F3 /* Main.storyboard in Resources */,
			);
			runOnlyForDeploymentPostprocessing = 0;
		};
/* End PBXResourcesBuildPhase section */

/* Begin PBXSourcesBuildPhase section */
		526684CA24CC8060006C37F3 /* Sources */ = {
			isa = PBXSourcesBuildPhase;
			buildActionMask = 2147483647;
			files = (
				526684D624CC8061006C37F3 /* ViewController.swift in Sources */,
				526684D224CC8060006C37F3 /* AppDelegate.swift in Sources */,
				526684D424CC8061006C37F3 /* SceneDelegate.swift in Sources */,
				526684EA24CC9D32006C37F3 /* Model.swift in Sources */,
				526684E624CC9A23006C37F3 /* Constants.swift in Sources */,
				526684E824CC9CC3006C37F3 /* Video.swift in Sources */,
				526684EC24CD3FA2006C37F3 /* Response.swift in Sources */,
			);
			runOnlyForDeploymentPostprocessing = 0;
		};
/* End PBXSourcesBuildPhase section */

/* Begin PBXVariantGroup section */
		526684D724CC8061006C37F3 /* Main.storyboard */ = {
			isa = PBXVariantGroup;
			children = (
				526684D824CC8061006C37F3 /* Base */,
			);
			name = Main.storyboard;
			sourceTree = "<group>";
		};
		526684DC24CC806A006C37F3 /* LaunchScreen.storyboard */ = {
			isa = PBXVariantGroup;
			children = (
				526684DD24CC806A006C37F3 /* Base */,
			);
			name = LaunchScreen.storyboard;
			sourceTree = "<group>";
		};
/* End PBXVariantGroup section */

/* Begin XCBuildConfiguration section */
		526684E024CC806A006C37F3 /* Debug */ = {
			isa = XCBuildConfiguration;
			buildSettings = {
				ALWAYS_SEARCH_USER_PATHS = NO;
				CLANG_ANALYZER_NONNULL = YES;
				CLANG_ANALYZER_NUMBER_OBJECT_CONVERSION = YES_AGGRESSIVE;
				CLANG_CXX_LANGUAGE_STANDARD = "gnu++14";
				CLANG_CXX_LIBRARY = "libc++";
				CLANG_ENABLE_MODULES = YES;
				CLANG_ENABLE_OBJC_ARC = YES;
				CLANG_ENABLE_OBJC_WEAK = YES;
				CLANG_WARN_BLOCK_CAPTURE_AUTORELEASING = YES;
				CLANG_WARN_BOOL_CONVERSION = YES;
				CLANG_WARN_COMMA = YES;
				CLANG_WARN_CONSTANT_CONVERSION = YES;
				CLANG_WARN_DEPRECATED_OBJC_IMPLEMENTATIONS = YES;
				CLANG_WARN_DIRECT_OBJC_ISA_USAGE = YES_ERROR;
				CLANG_WARN_DOCUMENTATION_COMMENTS = YES;
				CLANG_WARN_EMPTY_BODY = YES;
				CLANG_WARN_ENUM_CONVERSION = YES;
				CLANG_WARN_INFINITE_RECURSION = YES;
				CLANG_WARN_INT_CONVERSION = YES;
				CLANG_WARN_NON_LITERAL_NULL_CONVERSION = YES;
				CLANG_WARN_OBJC_IMPLICIT_RETAIN_SELF = YES;
				CLANG_WARN_OBJC_LITERAL_CONVERSION = YES;
				CLANG_WARN_OBJC_ROOT_CLASS = YES_ERROR;
				CLANG_WARN_RANGE_LOOP_ANALYSIS = YES;
				CLANG_WARN_STRICT_PROTOTYPES = YES;
				CLANG_WARN_SUSPICIOUS_MOVE = YES;
				CLANG_WARN_UNGUARDED_AVAILABILITY = YES_AGGRESSIVE;
				CLANG_WARN_UNREACHABLE_CODE = YES;
				CLANG_WARN__DUPLICATE_METHOD_MATCH = YES;
				COPY_PHASE_STRIP = NO;
				DEBUG_INFORMATION_FORMAT = dwarf;
				ENABLE_STRICT_OBJC_MSGSEND = YES;
				ENABLE_TESTABILITY = YES;
				GCC_C_LANGUAGE_STANDARD = gnu11;
				GCC_DYNAMIC_NO_PIC = NO;
				GCC_NO_COMMON_BLOCKS = YES;
				GCC_OPTIMIZATION_LEVEL = 0;
				GCC_PREPROCESSOR_DEFINITIONS = (
					"DEBUG=1",
					"$(inherited)",
				);
				GCC_WARN_64_TO_32_BIT_CONVERSION = YES;
				GCC_WARN_ABOUT_RETURN_TYPE = YES_ERROR;
				GCC_WARN_UNDECLARED_SELECTOR = YES;
				GCC_WARN_UNINITIALIZED_AUTOS = YES_AGGRESSIVE;
				GCC_WARN_UNUSED_FUNCTION = YES;
				GCC_WARN_UNUSED_VARIABLE = YES;
				IPHONEOS_DEPLOYMENT_TARGET = 13.6;
				MTL_ENABLE_DEBUG_INFO = INCLUDE_SOURCE;
				MTL_FAST_MATH = YES;
				ONLY_ACTIVE_ARCH = YES;
				SDKROOT = iphoneos;
				SWIFT_ACTIVE_COMPILATION_CONDITIONS = DEBUG;
				SWIFT_OPTIMIZATION_LEVEL = "-Onone";
			};
			name = Debug;
		};
		526684E124CC806A006C37F3 /* Release */ = {
			isa = XCBuildConfiguration;
			buildSettings = {
				ALWAYS_SEARCH_USER_PATHS = NO;
				CLANG_ANALYZER_NONNULL = YES;
				CLANG_ANALYZER_NUMBER_OBJECT_CONVERSION = YES_AGGRESSIVE;
				CLANG_CXX_LANGUAGE_STANDARD = "gnu++14";
				CLANG_CXX_LIBRARY = "libc++";
				CLANG_ENABLE_MODULES = YES;
				CLANG_ENABLE_OBJC_ARC = YES;
				CLANG_ENABLE_OBJC_WEAK = YES;
				CLANG_WARN_BLOCK_CAPTURE_AUTORELEASING = YES;
				CLANG_WARN_BOOL_CONVERSION = YES;
				CLANG_WARN_COMMA = YES;
				CLANG_WARN_CONSTANT_CONVERSION = YES;
				CLANG_WARN_DEPRECATED_OBJC_IMPLEMENTATIONS = YES;
				CLANG_WARN_DIRECT_OBJC_ISA_USAGE = YES_ERROR;
				CLANG_WARN_DOCUMENTATION_COMMENTS = YES;
				CLANG_WARN_EMPTY_BODY = YES;
				CLANG_WARN_ENUM_CONVERSION = YES;
				CLANG_WARN_INFINITE_RECURSION = YES;
				CLANG_WARN_INT_CONVERSION = YES;
				CLANG_WARN_NON_LITERAL_NULL_CONVERSION = YES;
				CLANG_WARN_OBJC_IMPLICIT_RETAIN_SELF = YES;
				CLANG_WARN_OBJC_LITERAL_CONVERSION = YES;
				CLANG_WARN_OBJC_ROOT_CLASS = YES_ERROR;
				CLANG_WARN_RANGE_LOOP_ANALYSIS = YES;
				CLANG_WARN_STRICT_PROTOTYPES = YES;
				CLANG_WARN_SUSPICIOUS_MOVE = YES;
				CLANG_WARN_UNGUARDED_AVAILABILITY = YES_AGGRESSIVE;
				CLANG_WARN_UNREACHABLE_CODE = YES;
				CLANG_WARN__DUPLICATE_METHOD_MATCH = YES;
				COPY_PHASE_STRIP = NO;
				DEBUG_INFORMATION_FORMAT = "dwarf-with-dsym";
				ENABLE_NS_ASSERTIONS = NO;
				ENABLE_STRICT_OBJC_MSGSEND = YES;
				GCC_C_LANGUAGE_STANDARD = gnu11;
				GCC_NO_COMMON_BLOCKS = YES;
				GCC_WARN_64_TO_32_BIT_CONVERSION = YES;
				GCC_WARN_ABOUT_RETURN_TYPE = YES_ERROR;
				GCC_WARN_UNDECLARED_SELECTOR = YES;
				GCC_WARN_UNINITIALIZED_AUTOS = YES_AGGRESSIVE;
				GCC_WARN_UNUSED_FUNCTION = YES;
				GCC_WARN_UNUSED_VARIABLE = YES;
				IPHONEOS_DEPLOYMENT_TARGET = 13.6;
				MTL_ENABLE_DEBUG_INFO = NO;
				MTL_FAST_MATH = YES;
				SDKROOT = iphoneos;
				SWIFT_COMPILATION_MODE = wholemodule;
				SWIFT_OPTIMIZATION_LEVEL = "-O";
				VALIDATE_PRODUCT = YES;
			};
			name = Release;
		};
		526684E324CC806A006C37F3 /* Debug */ = {
			isa = XCBuildConfiguration;
			buildSettings = {
				ASSETCATALOG_COMPILER_APPICON_NAME = AppIcon;
				CODE_SIGN_STYLE = Automatic;
				INFOPLIST_FILE = "youtube-app/Info.plist";
				LD_RUNPATH_SEARCH_PATHS = (
					"$(inherited)",
					"@executable_path/Frameworks",
				);
				PRODUCT_BUNDLE_IDENTIFIER = "com.masuwes.youtube-app";
				PRODUCT_NAME = "$(TARGET_NAME)";
				SWIFT_VERSION = 5.0;
				TARGETED_DEVICE_FAMILY = "1,2";
			};
			name = Debug;
		};
		526684E424CC806A006C37F3 /* Release */ = {
			isa = XCBuildConfiguration;
			buildSettings = {
				ASSETCATALOG_COMPILER_APPICON_NAME = AppIcon;
				CODE_SIGN_STYLE = Automatic;
				INFOPLIST_FILE = "youtube-app/Info.plist";
				LD_RUNPATH_SEARCH_PATHS = (
					"$(inherited)",
					"@executable_path/Frameworks",
				);
				PRODUCT_BUNDLE_IDENTIFIER = "com.masuwes.youtube-app";
				PRODUCT_NAME = "$(TARGET_NAME)";
				SWIFT_VERSION = 5.0;
				TARGETED_DEVICE_FAMILY = "1,2";
			};
			name = Release;
		};
/* End XCBuildConfiguration section */

/* Begin XCConfigurationList section */
		526684C924CC8060006C37F3 /* Build configuration list for PBXProject "youtube-app" */ = {
			isa = XCConfigurationList;
			buildConfigurations = (
				526684E024CC806A006C37F3 /* Debug */,
				526684E124CC806A006C37F3 /* Release */,
			);
			defaultConfigurationIsVisible = 0;
			defaultConfigurationName = Release;
		};
		526684E224CC806A006C37F3 /* Build configuration list for PBXNativeTarget "youtube-app" */ = {
			isa = XCConfigurationList;
			buildConfigurations = (
				526684E324CC806A006C37F3 /* Debug */,
				526684E424CC806A006C37F3 /* Release */,
			);
			defaultConfigurationIsVisible = 0;
			defaultConfigurationName = Release;
		};
/* End XCConfigurationList section */
	};
	rootObject = 526684C624CC8060006C37F3 /* Project object */;
}
